
Microsoft Visual Studio Solution File, Format Version 12.00
# Visual Studio Version 16
VisualStudioVersion = 16.0.32228.343
MinimumVisualStudioVersion = 10.0.40219.1
Project("{FAE04EC0-301F-11D3-BF4B-00C04F79EFBC}") = "GerenciadorDeVendas", "GerenciadorDeVendas.csproj", "{33901C6A-5265-47AD-9AEC-0947D73D95BA}"
EndProject
Global
	GlobalSection(SolutionConfigurationPlatforms) = preSolution
		Debug|Any CPU = Debug|Any CPU
		Release|Any CPU = Release|Any CPU
	EndGlobalSection
	GlobalSection(ProjectConfigurationPlatforms) = postSolution
		{33901C6A-5265-47AD-9AEC-0947D73D95BA}.Debug|Any CPU.ActiveCfg = Debug|Any CPU
		{33901C6A-5265-47AD-9AEC-0947D73D95BA}.Debug|Any CPU.Build.0 = Debug|Any CPU
		{33901C6A-5265-47AD-9AEC-0947D73D95BA}.Release|Any CPU.ActiveCfg = Release|Any CPU
		{33901C6A-5265-47AD-9AEC-0947D73D95BA}.Release|Any CPU.Build.0 = Release|Any CPU
	EndGlobalSection
	GlobalSection(SolutionProperties) = preSolution
		HideSolutionNode = FALSE
	EndGlobalSection
	GlobalSection(ExtensibilityGlobals) = postSolution
		SolutionGuid = {73BB61FB-BFEF-4882-A5C6-CB0254E66B2B}
	EndGlobalSection
EndGlobal
